{
    "version": 3,
    "terraform_version": "0.11.7",
    "serial": 2,
    "lineage": "7c2cfd8c-43f3-bbc3-67b1-75a96fd35820",
    "modules": [
        {
            "path": [
                "root"
            ],
            "outputs": {},
            "resources": {
                "aws_vpc.main": {
                    "type": "aws_vpc",
                    "depends_on": [],
                    "primary": {
                        "id": "vpc-0f40c98eaa0ec5cd9",
                        "attributes": {
                            "assign_generated_ipv6_cidr_block": "false",
                            "cidr_block": "10.0.0.0/16",
                            "default_network_acl_id": "acl-0d493638258191f77",
                            "default_route_table_id": "rtb-0a12264ac74d455ff",
                            "default_security_group_id": "sg-0c421ba83b1191716",
                            "dhcp_options_id": "dopt-57a8f83f",
                            "enable_dns_hostnames": "false",
                            "enable_dns_support": "true",
                            "id": "vpc-0f40c98eaa0ec5cd9",
                            "instance_tenancy": "default",
                            "main_route_table_id": "rtb-0a12264ac74d455ff",
                            "tags.%": "1",
                            "tags.Name": "main"
                        },
                        "meta": {
                            "schema_version": "1"
                        },
                        "tainted": false
                    },
                    "deposed": [],
                    "provider": "provider.aws"
                }
            },
            "depends_on": []
        }
    ]
}
